
Microsoft Visual Studio Solution File, Format Version 12.00
# Visual Studio Version 17
VisualStudioVersion = 17.7.34031.279
MinimumVisualStudioVersion = 10.0.40219.1
Project("{FAE04EC0-301F-11D3-BF4B-00C04F79EFBC}") = "LänderGuesser", "LänderGuesser\LänderGuesser.csproj", "{7BB99DEC-FCF3-4951-9868-B71D93D4A34C}"
EndProject
Global
	GlobalSection(SolutionConfigurationPlatforms) = preSolution
		Debug|Any CPU = Debug|Any CPU
		Release|Any CPU = Release|Any CPU
	EndGlobalSection
	GlobalSection(ProjectConfigurationPlatforms) = postSolution
		{7BB99DEC-FCF3-4951-9868-B71D93D4A34C}.Debug|Any CPU.ActiveCfg = Debug|Any CPU
		{7BB99DEC-FCF3-4951-9868-B71D93D4A34C}.Debug|Any CPU.Build.0 = Debug|Any CPU
		{7BB99DEC-FCF3-4951-9868-B71D93D4A34C}.Release|Any CPU.ActiveCfg = Release|Any CPU
		{7BB99DEC-FCF3-4951-9868-B71D93D4A34C}.Release|Any CPU.Build.0 = Release|Any CPU
	EndGlobalSection
	GlobalSection(SolutionProperties) = preSolution
		HideSolutionNode = FALSE
	EndGlobalSection
	GlobalSection(ExtensibilityGlobals) = postSolution
		SolutionGuid = {AD4CACFD-6EA1-4CD4-AFC4-1A645D54C1D0}
	EndGlobalSection
EndGlobal
